<Solution>
  <Folder Name="/Solution Items/">
    <File Path="Directory.Build.props" />
  </Folder>
  <Project Path="FocusTrack.Business/FocusTrack.Business.csproj" />
  <Project Path="FocusTrack.Core/FocusTrack.Core.csproj" />
  <Project Path="FocusTrack.Data/FocusTrack.Data.csproj" />
  <Project Path="FocusTrack.UI/FocusTrack.UI.csproj" />
</Solution>
